
Microsoft Visual Studio Solution File, Format Version 12.00
# Visual Studio 15
VisualStudioVersion = 15.0.27130.2024
MinimumVisualStudioVersion = 10.0.40219.1
Project("{FAE04EC0-301F-11D3-BF4B-00C04F79EFBC}") = "RecGuimMobi.Android", "RecGuimMobi\RecGuimMobi.Android\RecGuimMobi.Android.csproj", "{4B4C9DD5-60BB-4DEF-AD38-777BC06FEDD6}"
EndProject
Project("{FAE04EC0-301F-11D3-BF4B-00C04F79EFBC}") = "RecGuimMobi.iOS", "RecGuimMobi\RecGuimMobi.iOS\RecGuimMobi.iOS.csproj", "{84E3B823-780E-40F0-834B-6D945629275A}"
EndProject
Project("{FAE04EC0-301F-11D3-BF4B-00C04F79EFBC}") = "RecGuimMobi.UWP", "RecGuimMobi\RecGuimMobi.UWP\RecGuimMobi.UWP.csproj", "{6EAD7F1C-9616-42FF-9C99-5033A55D50BC}"
EndProject
Project("{FAE04EC0-301F-11D3-BF4B-00C04F79EFBC}") = "RecGuimMobi", "RecGuimMobi\RecGuimMobi\RecGuimMobi.csproj", "{DA7A4544-8A22-47CD-8A94-561CD2379B91}"
EndProject
Global
	GlobalSection(SolutionConfigurationPlatforms) = preSolution
		Ad-Hoc|Any CPU = Ad-Hoc|Any CPU
		Ad-Hoc|ARM = Ad-Hoc|ARM
		Ad-Hoc|iPhone = Ad-Hoc|iPhone
		Ad-Hoc|iPhoneSimulator = Ad-Hoc|iPhoneSimulator
		Ad-Hoc|x64 = Ad-Hoc|x64
		Ad-Hoc|x86 = Ad-Hoc|x86
		AppStore|Any CPU = AppStore|Any CPU
		AppStore|ARM = AppStore|ARM
		AppStore|iPhone = AppStore|iPhone
		AppStore|iPhoneSimulator = AppStore|iPhoneSimulator
		AppStore|x64 = AppStore|x64
		AppStore|x86 = AppStore|x86
		Debug|Any CPU = Debug|Any CPU
		Debug|ARM = Debug|ARM
		Debug|iPhone = Debug|iPhone
		Debug|iPhoneSimulator = Debug|iPhoneSimulator
		Debug|x64 = Debug|x64
		Debug|x86 = Debug|x86
		Release|Any CPU = Release|Any CPU
		Release|ARM = Release|ARM
		Release|iPhone = Release|iPhone
		Release|iPhoneSimulator = Release|iPhoneSimulator
		Release|x64 = Release|x64
		Release|x86 = Release|x86
	EndGlobalSection
	GlobalSection(ProjectConfigurationPlatforms) = postSolution
		{4B4C9DD5-60BB-4DEF-AD38-777BC06FEDD6}.Ad-Hoc|Any CPU.ActiveCfg = Release|Any CPU
		{4B4C9DD5-60BB-4DEF-AD38-777BC06FEDD6}.Ad-Hoc|Any CPU.Build.0 = Release|Any CPU
		{4B4C9DD5-60BB-4DEF-AD38-777BC06FEDD6}.Ad-Hoc|Any CPU.Deploy.0 = Release|Any CPU
		{4B4C9DD5-60BB-4DEF-AD38-777BC06FEDD6}.Ad-Hoc|ARM.ActiveCfg = Release|Any CPU
		{4B4C9DD5-60BB-4DEF-AD38-777BC06FEDD6}.Ad-Hoc|ARM.Build.0 = Release|Any CPU
		{4B4C9DD5-60BB-4DEF-AD38-777BC06FEDD6}.Ad-Hoc|ARM.Deploy.0 = Release|Any CPU
		{4B4C9DD5-60BB-4DEF-AD38-777BC06FEDD6}.Ad-Hoc|iPhone.ActiveCfg = Release|Any CPU
		{4B4C9DD5-60BB-4DEF-AD38-777BC06FEDD6}.Ad-Hoc|iPhone.Build.0 = Release|Any CPU
		{4B4C9DD5-60BB-4DEF-AD38-777BC06FEDD6}.Ad-Hoc|iPhone.Deploy.0 = Release|Any CPU
		{4B4C9DD5-60BB-4DEF-AD38-777BC06FEDD6}.Ad-Hoc|iPhoneSimulator.ActiveCfg = Release|Any CPU
		{4B4C9DD5-60BB-4DEF-AD38-777BC06FEDD6}.Ad-Hoc|iPhoneSimulator.Build.0 = Release|Any CPU
		{4B4C9DD5-60BB-4DEF-AD38-777BC06FEDD6}.Ad-Hoc|iPhoneSimulator.Deploy.0 = Release|Any CPU
		{4B4C9DD5-60BB-4DEF-AD38-777BC06FEDD6}.Ad-Hoc|x64.ActiveCfg = Release|Any CPU
		{4B4C9DD5-60BB-4DEF-AD38-777BC06FEDD6}.Ad-Hoc|x64.Build.0 = Release|Any CPU
		{4B4C9DD5-60BB-4DEF-AD38-777BC06FEDD6}.Ad-Hoc|x64.Deploy.0 = Release|Any CPU
		{4B4C9DD5-60BB-4DEF-AD38-777BC06FEDD6}.Ad-Hoc|x86.ActiveCfg = Release|Any CPU
		{4B4C9DD5-60BB-4DEF-AD38-777BC06FEDD6}.Ad-Hoc|x86.Build.0 = Release|Any CPU
		{4B4C9DD5-60BB-4DEF-AD38-777BC06FEDD6}.Ad-Hoc|x86.Deploy.0 = Release|Any CPU
		{4B4C9DD5-60BB-4DEF-AD38-777BC06FEDD6}.AppStore|Any CPU.ActiveCfg = Release|Any CPU
		{4B4C9DD5-60BB-4DEF-AD38-777BC06FEDD6}.AppStore|Any CPU.Build.0 = Release|Any CPU
		{4B4C9DD5-60BB-4DEF-AD38-777BC06FEDD6}.AppStore|Any CPU.Deploy.0 = Release|Any CPU
		{4B4C9DD5-60BB-4DEF-AD38-777BC06FEDD6}.AppStore|ARM.ActiveCfg = Release|Any CPU
		{4B4C9DD5-60BB-4DEF-AD38-777BC06FEDD6}.AppStore|ARM.Build.0 = Release|Any CPU
		{4B4C9DD5-60BB-4DEF-AD38-777BC06FEDD6}.AppStore|ARM.Deploy.0 = Release|Any CPU
		{4B4C9DD5-60BB-4DEF-AD38-777BC06FEDD6}.AppStore|iPhone.ActiveCfg = Release|Any CPU
		{4B4C9DD5-60BB-4DEF-AD38-777BC06FEDD6}.AppStore|iPhone.Build.0 = Release|Any CPU
		{4B4C9DD5-60BB-4DEF-AD38-777BC06FEDD6}.AppStore|iPhone.Deploy.0 = Release|Any CPU
		{4B4C9DD5-60BB-4DEF-AD38-777BC06FEDD6}.AppStore|iPhoneSimulator.ActiveCfg = Release|Any CPU
		{4B4C9DD5-60BB-4DEF-AD38-777BC06FEDD6}.AppStore|iPhoneSimulator.Build.0 = Release|Any CPU
		{4B4C9DD5-60BB-4DEF-AD38-777BC06FEDD6}.AppStore|iPhoneSimulator.Deploy.0 = Release|Any CPU
		{4B4C9DD5-60BB-4DEF-AD38-777BC06FEDD6}.AppStore|x64.ActiveCfg = Release|Any CPU
		{4B4C9DD5-60BB-4DEF-AD38-777BC06FEDD6}.AppStore|x64.Build.0 = Release|Any CPU
		{4B4C9DD5-60BB-4DEF-AD38-777BC06FEDD6}.AppStore|x64.Deploy.0 = Release|Any CPU
		{4B4C9DD5-60BB-4DEF-AD38-777BC06FEDD6}.AppStore|x86.ActiveCfg = Release|Any CPU
		{4B4C9DD5-60BB-4DEF-AD38-777BC06FEDD6}.AppStore|x86.Build.0 = Release|Any CPU
		{4B4C9DD5-60BB-4DEF-AD38-777BC06FEDD6}.AppStore|x86.Deploy.0 = Release|Any CPU
		{4B4C9DD5-60BB-4DEF-AD38-777BC06FEDD6}.Debug|Any CPU.ActiveCfg = Debug|Any CPU
		{4B4C9DD5-60BB-4DEF-AD38-777BC06FEDD6}.Debug|Any CPU.Build.0 = Debug|Any CPU
		{4B4C9DD5-60BB-4DEF-AD38-777BC06FEDD6}.Debug|Any CPU.Deploy.0 = Debug|Any CPU
		{4B4C9DD5-60BB-4DEF-AD38-777BC06FEDD6}.Debug|ARM.ActiveCfg = Debug|Any CPU
		{4B4C9DD5-60BB-4DEF-AD38-777BC06FEDD6}.Debug|ARM.Build.0 = Debug|Any CPU
		{4B4C9DD5-60BB-4DEF-AD38-777BC06FEDD6}.Debug|ARM.Deploy.0 = Debug|Any CPU
		{4B4C9DD5-60BB-4DEF-AD38-777BC06FEDD6}.Debug|iPhone.ActiveCfg = Debug|Any CPU
		{4B4C9DD5-60BB-4DEF-AD38-777BC06FEDD6}.Debug|iPhone.Build.0 = Debug|Any CPU
		{4B4C9DD5-60BB-4DEF-AD38-777BC06FEDD6}.Debug|iPhone.Deploy.0 = Debug|Any CPU
		{4B4C9DD5-60BB-4DEF-AD38-777BC06FEDD6}.Debug|iPhoneSimulator.ActiveCfg = Debug|Any CPU
		{4B4C9DD5-60BB-4DEF-AD38-777BC06FEDD6}.Debug|iPhoneSimulator.Build.0 = Debug|Any CPU
		{4B4C9DD5-60BB-4DEF-AD38-777BC06FEDD6}.Debug|iPhoneSimulator.Deploy.0 = Debug|Any CPU
		{4B4C9DD5-60BB-4DEF-AD38-777BC06FEDD6}.Debug|x64.ActiveCfg = Debug|Any CPU
		{4B4C9DD5-60BB-4DEF-AD38-777BC06FEDD6}.Debug|x64.Build.0 = Debug|Any CPU
		{4B4C9DD5-60BB-4DEF-AD38-777BC06FEDD6}.Debug|x64.Deploy.0 = Debug|Any CPU
		{4B4C9DD5-60BB-4DEF-AD38-777BC06FEDD6}.Debug|x86.ActiveCfg = Debug|Any CPU
		{4B4C9DD5-60BB-4DEF-AD38-777BC06FEDD6}.Debug|x86.Build.0 = Debug|Any CPU
		{4B4C9DD5-60BB-4DEF-AD38-777BC06FEDD6}.Debug|x86.Deploy.0 = Debug|Any CPU
		{4B4C9DD5-60BB-4DEF-AD38-777BC06FEDD6}.Release|Any CPU.ActiveCfg = Release|Any CPU
		{4B4C9DD5-60BB-4DEF-AD38-777BC06FEDD6}.Release|Any CPU.Build.0 = Release|Any CPU
		{4B4C9DD5-60BB-4DEF-AD38-777BC06FEDD6}.Release|Any CPU.Deploy.0 = Release|Any CPU
		{4B4C9DD5-60BB-4DEF-AD38-777BC06FEDD6}.Release|ARM.ActiveCfg = Release|Any CPU
		{4B4C9DD5-60BB-4DEF-AD38-777BC06FEDD6}.Release|ARM.Build.0 = Release|Any CPU
		{4B4C9DD5-60BB-4DEF-AD38-777BC06FEDD6}.Release|ARM.Deploy.0 = Release|Any CPU
		{4B4C9DD5-60BB-4DEF-AD38-777BC06FEDD6}.Release|iPhone.ActiveCfg = Release|Any CPU
		{4B4C9DD5-60BB-4DEF-AD38-777BC06FEDD6}.Release|iPhone.Build.0 = Release|Any CPU
		{4B4C9DD5-60BB-4DEF-AD38-777BC06FEDD6}.Release|iPhone.Deploy.0 = Release|Any CPU
		{4B4C9DD5-60BB-4DEF-AD38-777BC06FEDD6}.Release|iPhoneSimulator.ActiveCfg = Release|Any CPU
		{4B4C9DD5-60BB-4DEF-AD38-777BC06FEDD6}.Release|iPhoneSimulator.Build.0 = Release|Any CPU
		{4B4C9DD5-60BB-4DEF-AD38-777BC06FEDD6}.Release|iPhoneSimulator.Deploy.0 = Release|Any CPU
		{4B4C9DD5-60BB-4DEF-AD38-777BC06FEDD6}.Release|x64.ActiveCfg = Release|Any CPU
		{4B4C9DD5-60BB-4DEF-AD38-777BC06FEDD6}.Release|x64.Build.0 = Release|Any CPU
		{4B4C9DD5-60BB-4DEF-AD38-777BC06FEDD6}.Release|x64.Deploy.0 = Release|Any CPU
		{4B4C9DD5-60BB-4DEF-AD38-777BC06FEDD6}.Release|x86.ActiveCfg = Release|Any CPU
		{4B4C9DD5-60BB-4DEF-AD38-777BC06FEDD6}.Release|x86.Build.0 = Release|Any CPU
		{4B4C9DD5-60BB-4DEF-AD38-777BC06FEDD6}.Release|x86.Deploy.0 = Release|Any CPU
		{84E3B823-780E-40F0-834B-6D945629275A}.Ad-Hoc|Any CPU.ActiveCfg = Ad-Hoc|iPhone
		{84E3B823-780E-40F0-834B-6D945629275A}.Ad-Hoc|ARM.ActiveCfg = Ad-Hoc|iPhone
		{84E3B823-780E-40F0-834B-6D945629275A}.Ad-Hoc|iPhone.ActiveCfg = Ad-Hoc|iPhone
		{84E3B823-780E-40F0-834B-6D945629275A}.Ad-Hoc|iPhone.Build.0 = Ad-Hoc|iPhone
		{84E3B823-780E-40F0-834B-6D945629275A}.Ad-Hoc|iPhoneSimulator.ActiveCfg = Ad-Hoc|iPhoneSimulator
		{84E3B823-780E-40F0-834B-6D945629275A}.Ad-Hoc|iPhoneSimulator.Build.0 = Ad-Hoc|iPhoneSimulator
		{84E3B823-780E-40F0-834B-6D945629275A}.Ad-Hoc|x64.ActiveCfg = Ad-Hoc|iPhone
		{84E3B823-780E-40F0-834B-6D945629275A}.Ad-Hoc|x86.ActiveCfg = Ad-Hoc|iPhone
		{84E3B823-780E-40F0-834B-6D945629275A}.AppStore|Any CPU.ActiveCfg = AppStore|iPhone
		{84E3B823-780E-40F0-834B-6D945629275A}.AppStore|ARM.ActiveCfg = AppStore|iPhone
		{84E3B823-780E-40F0-834B-6D945629275A}.AppStore|iPhone.ActiveCfg = AppStore|iPhone
		{84E3B823-780E-40F0-834B-6D945629275A}.AppStore|iPhone.Build.0 = AppStore|iPhone
		{84E3B823-780E-40F0-834B-6D945629275A}.AppStore|iPhoneSimulator.ActiveCfg = AppStore|iPhoneSimulator
		{84E3B823-780E-40F0-834B-6D945629275A}.AppStore|iPhoneSimulator.Build.0 = AppStore|iPhoneSimulator
		{84E3B823-780E-40F0-834B-6D945629275A}.AppStore|x64.ActiveCfg = AppStore|iPhone
		{84E3B823-780E-40F0-834B-6D945629275A}.AppStore|x86.ActiveCfg = AppStore|iPhone
		{84E3B823-780E-40F0-834B-6D945629275A}.Debug|Any CPU.ActiveCfg = Debug|iPhone
		{84E3B823-780E-40F0-834B-6D945629275A}.Debug|ARM.ActiveCfg = Debug|iPhone
		{84E3B823-780E-40F0-834B-6D945629275A}.Debug|iPhone.ActiveCfg = Debug|iPhone
		{84E3B823-780E-40F0-834B-6D945629275A}.Debug|iPhone.Build.0 = Debug|iPhone
		{84E3B823-780E-40F0-834B-6D945629275A}.Debug|iPhoneSimulator.ActiveCfg = Debug|iPhoneSimulator
		{84E3B823-780E-40F0-834B-6D945629275A}.Debug|iPhoneSimulator.Build.0 = Debug|iPhoneSimulator
		{84E3B823-780E-40F0-834B-6D945629275A}.Debug|x64.ActiveCfg = Debug|iPhone
		{84E3B823-780E-40F0-834B-6D945629275A}.Debug|x86.ActiveCfg = Debug|iPhone
		{84E3B823-780E-40F0-834B-6D945629275A}.Release|Any CPU.ActiveCfg = Release|iPhone
		{84E3B823-780E-40F0-834B-6D945629275A}.Release|ARM.ActiveCfg = Release|iPhone
		{84E3B823-780E-40F0-834B-6D945629275A}.Release|iPhone.ActiveCfg = Release|iPhone
		{84E3B823-780E-40F0-834B-6D945629275A}.Release|iPhone.Build.0 = Release|iPhone
		{84E3B823-780E-40F0-834B-6D945629275A}.Release|iPhoneSimulator.ActiveCfg = Release|iPhoneSimulator
		{84E3B823-780E-40F0-834B-6D945629275A}.Release|iPhoneSimulator.Build.0 = Release|iPhoneSimulator
		{84E3B823-780E-40F0-834B-6D945629275A}.Release|x64.ActiveCfg = Release|iPhone
		{84E3B823-780E-40F0-834B-6D945629275A}.Release|x86.ActiveCfg = Release|iPhone
		{6EAD7F1C-9616-42FF-9C99-5033A55D50BC}.Ad-Hoc|Any CPU.ActiveCfg = Release|x86
		{6EAD7F1C-9616-42FF-9C99-5033A55D50BC}.Ad-Hoc|Any CPU.Build.0 = Release|x86
		{6EAD7F1C-9616-42FF-9C99-5033A55D50BC}.Ad-Hoc|Any CPU.Deploy.0 = Release|x86
		{6EAD7F1C-9616-42FF-9C99-5033A55D50BC}.Ad-Hoc|ARM.ActiveCfg = Release|ARM
		{6EAD7F1C-9616-42FF-9C99-5033A55D50BC}.Ad-Hoc|ARM.Build.0 = Release|ARM
		{6EAD7F1C-9616-42FF-9C99-5033A55D50BC}.Ad-Hoc|ARM.Deploy.0 = Release|ARM
		{6EAD7F1C-9616-42FF-9C99-5033A55D50BC}.Ad-Hoc|iPhone.ActiveCfg = Release|x86
		{6EAD7F1C-9616-42FF-9C99-5033A55D50BC}.Ad-Hoc|iPhone.Build.0 = Release|x86
		{6EAD7F1C-9616-42FF-9C99-5033A55D50BC}.Ad-Hoc|iPhone.Deploy.0 = Release|x86
		{6EAD7F1C-9616-42FF-9C99-5033A55D50BC}.Ad-Hoc|iPhoneSimulator.ActiveCfg = Release|x86
		{6EAD7F1C-9616-42FF-9C99-5033A55D50BC}.Ad-Hoc|iPhoneSimulator.Build.0 = Release|x86
		{6EAD7F1C-9616-42FF-9C99-5033A55D50BC}.Ad-Hoc|iPhoneSimulator.Deploy.0 = Release|x86
		{6EAD7F1C-9616-42FF-9C99-5033A55D50BC}.Ad-Hoc|x64.ActiveCfg = Release|x64
		{6EAD7F1C-9616-42FF-9C99-5033A55D50BC}.Ad-Hoc|x64.Build.0 = Release|x64
		{6EAD7F1C-9616-42FF-9C99-5033A55D50BC}.Ad-Hoc|x64.Deploy.0 = Release|x64
		{6EAD7F1C-9616-42FF-9C99-5033A55D50BC}.Ad-Hoc|x86.ActiveCfg = Release|x86
		{6EAD7F1C-9616-42FF-9C99-5033A55D50BC}.Ad-Hoc|x86.Build.0 = Release|x86
		{6EAD7F1C-9616-42FF-9C99-5033A55D50BC}.Ad-Hoc|x86.Deploy.0 = Release|x86
		{6EAD7F1C-9616-42FF-9C99-5033A55D50BC}.AppStore|Any CPU.ActiveCfg = Release|x86
		{6EAD7F1C-9616-42FF-9C99-5033A55D50BC}.AppStore|Any CPU.Build.0 = Release|x86
		{6EAD7F1C-9616-42FF-9C99-5033A55D50BC}.AppStore|Any CPU.Deploy.0 = Release|x86
		{6EAD7F1C-9616-42FF-9C99-5033A55D50BC}.AppStore|ARM.ActiveCfg = Release|ARM
		{6EAD7F1C-9616-42FF-9C99-5033A55D50BC}.AppStore|ARM.Build.0 = Release|ARM
		{6EAD7F1C-9616-42FF-9C99-5033A55D50BC}.AppStore|ARM.Deploy.0 = Release|ARM
		{6EAD7F1C-9616-42FF-9C99-5033A55D50BC}.AppStore|iPhone.ActiveCfg = Release|x86
		{6EAD7F1C-9616-42FF-9C99-5033A55D50BC}.AppStore|iPhone.Build.0 = Release|x86
		{6EAD7F1C-9616-42FF-9C99-5033A55D50BC}.AppStore|iPhone.Deploy.0 = Release|x86
		{6EAD7F1C-9616-42FF-9C99-5033A55D50BC}.AppStore|iPhoneSimulator.ActiveCfg = Release|x86
		{6EAD7F1C-9616-42FF-9C99-5033A55D50BC}.AppStore|iPhoneSimulator.Build.0 = Release|x86
		{6EAD7F1C-9616-42FF-9C99-5033A55D50BC}.AppStore|iPhoneSimulator.Deploy.0 = Release|x86
		{6EAD7F1C-9616-42FF-9C99-5033A55D50BC}.AppStore|x64.ActiveCfg = Release|x64
		{6EAD7F1C-9616-42FF-9C99-5033A55D50BC}.AppStore|x64.Build.0 = Release|x64
		{6EAD7F1C-9616-42FF-9C99-5033A55D50BC}.AppStore|x64.Deploy.0 = Release|x64
		{6EAD7F1C-9616-42FF-9C99-5033A55D50BC}.AppStore|x86.ActiveCfg = Release|x86
		{6EAD7F1C-9616-42FF-9C99-5033A55D50BC}.AppStore|x86.Build.0 = Release|x86
		{6EAD7F1C-9616-42FF-9C99-5033A55D50BC}.AppStore|x86.Deploy.0 = Release|x86
		{6EAD7F1C-9616-42FF-9C99-5033A55D50BC}.Debug|Any CPU.ActiveCfg = Debug|x86
		{6EAD7F1C-9616-42FF-9C99-5033A55D50BC}.Debug|ARM.ActiveCfg = Debug|ARM
		{6EAD7F1C-9616-42FF-9C99-5033A55D50BC}.Debug|ARM.Build.0 = Debug|ARM
		{6EAD7F1C-9616-42FF-9C99-5033A55D50BC}.Debug|ARM.Deploy.0 = Debug|ARM
		{6EAD7F1C-9616-42FF-9C99-5033A55D50BC}.Debug|iPhone.ActiveCfg = Debug|x86
		{6EAD7F1C-9616-42FF-9C99-5033A55D50BC}.Debug|iPhoneSimulator.ActiveCfg = Debug|x86
		{6EAD7F1C-9616-42FF-9C99-5033A55D50BC}.Debug|x64.ActiveCfg = Debug|x64
		{6EAD7F1C-9616-42FF-9C99-5033A55D50BC}.Debug|x64.Build.0 = Debug|x64
		{6EAD7F1C-9616-42FF-9C99-5033A55D50BC}.Debug|x64.Deploy.0 = Debug|x64
		{6EAD7F1C-9616-42FF-9C99-5033A55D50BC}.Debug|x86.ActiveCfg = Debug|x86
		{6EAD7F1C-9616-42FF-9C99-5033A55D50BC}.Debug|x86.Build.0 = Debug|x86
		{6EAD7F1C-9616-42FF-9C99-5033A55D50BC}.Debug|x86.Deploy.0 = Debug|x86
		{6EAD7F1C-9616-42FF-9C99-5033A55D50BC}.Release|Any CPU.ActiveCfg = Release|x86
		{6EAD7F1C-9616-42FF-9C99-5033A55D50BC}.Release|ARM.ActiveCfg = Release|ARM
		{6EAD7F1C-9616-42FF-9C99-5033A55D50BC}.Release|ARM.Build.0 = Release|ARM
		{6EAD7F1C-9616-42FF-9C99-5033A55D50BC}.Release|ARM.Deploy.0 = Release|ARM
		{6EAD7F1C-9616-42FF-9C99-5033A55D50BC}.Release|iPhone.ActiveCfg = Release|x86
		{6EAD7F1C-9616-42FF-9C99-5033A55D50BC}.Release|iPhoneSimulator.ActiveCfg = Release|x86
		{6EAD7F1C-9616-42FF-9C99-5033A55D50BC}.Release|x64.ActiveCfg = Release|x64
		{6EAD7F1C-9616-42FF-9C99-5033A55D50BC}.Release|x64.Build.0 = Release|x64
		{6EAD7F1C-9616-42FF-9C99-5033A55D50BC}.Release|x64.Deploy.0 = Release|x64
		{6EAD7F1C-9616-42FF-9C99-5033A55D50BC}.Release|x86.ActiveCfg = Release|x86
		{6EAD7F1C-9616-42FF-9C99-5033A55D50BC}.Release|x86.Build.0 = Release|x86
		{6EAD7F1C-9616-42FF-9C99-5033A55D50BC}.Release|x86.Deploy.0 = Release|x86
		{DA7A4544-8A22-47CD-8A94-561CD2379B91}.Ad-Hoc|Any CPU.ActiveCfg = Debug|Any CPU
		{DA7A4544-8A22-47CD-8A94-561CD2379B91}.Ad-Hoc|Any CPU.Build.0 = Debug|Any CPU
		{DA7A4544-8A22-47CD-8A94-561CD2379B91}.Ad-Hoc|ARM.ActiveCfg = Debug|Any CPU
		{DA7A4544-8A22-47CD-8A94-561CD2379B91}.Ad-Hoc|ARM.Build.0 = Debug|Any CPU
		{DA7A4544-8A22-47CD-8A94-561CD2379B91}.Ad-Hoc|iPhone.ActiveCfg = Debug|Any CPU
		{DA7A4544-8A22-47CD-8A94-561CD2379B91}.Ad-Hoc|iPhone.Build.0 = Debug|Any CPU
		{DA7A4544-8A22-47CD-8A94-561CD2379B91}.Ad-Hoc|iPhoneSimulator.ActiveCfg = Debug|Any CPU
		{DA7A4544-8A22-47CD-8A94-561CD2379B91}.Ad-Hoc|iPhoneSimulator.Build.0 = Debug|Any CPU
		{DA7A4544-8A22-47CD-8A94-561CD2379B91}.Ad-Hoc|x64.ActiveCfg = Debug|Any CPU
		{DA7A4544-8A22-47CD-8A94-561CD2379B91}.Ad-Hoc|x64.Build.0 = Debug|Any CPU
		{DA7A4544-8A22-47CD-8A94-561CD2379B91}.Ad-Hoc|x86.ActiveCfg = Debug|Any CPU
		{DA7A4544-8A22-47CD-8A94-561CD2379B91}.Ad-Hoc|x86.Build.0 = Debug|Any CPU
		{DA7A4544-8A22-47CD-8A94-561CD2379B91}.AppStore|Any CPU.ActiveCfg = Debug|Any CPU
		{DA7A4544-8A22-47CD-8A94-561CD2379B91}.AppStore|Any CPU.Build.0 = Debug|Any CPU
		{DA7A4544-8A22-47CD-8A94-561CD2379B91}.AppStore|ARM.ActiveCfg = Debug|Any CPU
		{DA7A4544-8A22-47CD-8A94-561CD2379B91}.AppStore|ARM.Build.0 = Debug|Any CPU
		{DA7A4544-8A22-47CD-8A94-561CD2379B91}.AppStore|iPhone.ActiveCfg = Debug|Any CPU
		{DA7A4544-8A22-47CD-8A94-561CD2379B91}.AppStore|iPhone.Build.0 = Debug|Any CPU
		{DA7A4544-8A22-47CD-8A94-561CD2379B91}.AppStore|iPhoneSimulator.ActiveCfg = Debug|Any CPU
		{DA7A4544-8A22-47CD-8A94-561CD2379B91}.AppStore|iPhoneSimulator.Build.0 = Debug|Any CPU
		{DA7A4544-8A22-47CD-8A94-561CD2379B91}.AppStore|x64.ActiveCfg = Debug|Any CPU
		{DA7A4544-8A22-47CD-8A94-561CD2379B91}.AppStore|x64.Build.0 = Debug|Any CPU
		{DA7A4544-8A22-47CD-8A94-561CD2379B91}.AppStore|x86.ActiveCfg = Debug|Any CPU
		{DA7A4544-8A22-47CD-8A94-561CD2379B91}.AppStore|x86.Build.0 = Debug|Any CPU
		{DA7A4544-8A22-47CD-8A94-561CD2379B91}.Debug|Any CPU.ActiveCfg = Debug|Any CPU
		{DA7A4544-8A22-47CD-8A94-561CD2379B91}.Debug|Any CPU.Build.0 = Debug|Any CPU
		{DA7A4544-8A22-47CD-8A94-561CD2379B91}.Debug|ARM.ActiveCfg = Debug|Any CPU
		{DA7A4544-8A22-47CD-8A94-561CD2379B91}.Debug|ARM.Build.0 = Debug|Any CPU
		{DA7A4544-8A22-47CD-8A94-561CD2379B91}.Debug|iPhone.ActiveCfg = Debug|Any CPU
		{DA7A4544-8A22-47CD-8A94-561CD2379B91}.Debug|iPhone.Build.0 = Debug|Any CPU
		{DA7A4544-8A22-47CD-8A94-561CD2379B91}.Debug|iPhoneSimulator.ActiveCfg = Debug|Any CPU
		{DA7A4544-8A22-47CD-8A94-561CD2379B91}.Debug|iPhoneSimulator.Build.0 = Debug|Any CPU
		{DA7A4544-8A22-47CD-8A94-561CD2379B91}.Debug|x64.ActiveCfg = Debug|Any CPU
		{DA7A4544-8A22-47CD-8A94-561CD2379B91}.Debug|x64.Build.0 = Debug|Any CPU
		{DA7A4544-8A22-47CD-8A94-561CD2379B91}.Debug|x86.ActiveCfg = Debug|Any CPU
		{DA7A4544-8A22-47CD-8A94-561CD2379B91}.Debug|x86.Build.0 = Debug|Any CPU
		{DA7A4544-8A22-47CD-8A94-561CD2379B91}.Release|Any CPU.ActiveCfg = Release|Any CPU
		{DA7A4544-8A22-47CD-8A94-561CD2379B91}.Release|Any CPU.Build.0 = Release|Any CPU
		{DA7A4544-8A22-47CD-8A94-561CD2379B91}.Release|ARM.ActiveCfg = Release|Any CPU
		{DA7A4544-8A22-47CD-8A94-561CD2379B91}.Release|ARM.Build.0 = Release|Any CPU
		{DA7A4544-8A22-47CD-8A94-561CD2379B91}.Release|iPhone.ActiveCfg = Release|Any CPU
		{DA7A4544-8A22-47CD-8A94-561CD2379B91}.Release|iPhone.Build.0 = Release|Any CPU
		{DA7A4544-8A22-47CD-8A94-561CD2379B91}.Release|iPhoneSimulator.ActiveCfg = Release|Any CPU
		{DA7A4544-8A22-47CD-8A94-561CD2379B91}.Release|iPhoneSimulator.Build.0 = Release|Any CPU
		{DA7A4544-8A22-47CD-8A94-561CD2379B91}.Release|x64.ActiveCfg = Release|Any CPU
		{DA7A4544-8A22-47CD-8A94-561CD2379B91}.Release|x64.Build.0 = Release|Any CPU
		{DA7A4544-8A22-47CD-8A94-561CD2379B91}.Release|x86.ActiveCfg = Release|Any CPU
		{DA7A4544-8A22-47CD-8A94-561CD2379B91}.Release|x86.Build.0 = Release|Any CPU
	EndGlobalSection
	GlobalSection(SolutionProperties) = preSolution
		HideSolutionNode = FALSE
	EndGlobalSection
	GlobalSection(ExtensibilityGlobals) = postSolution
		SolutionGuid = {DF8EAB2B-E5D8-4F61-A7D6-CE6DCC4E1F22}
	EndGlobalSection
EndGlobal
